
Microsoft Visual Studio Solution File, Format Version 12.00
# Visual Studio 14
VisualStudioVersion = 14.0.25420.1
MinimumVisualStudioVersion = 10.0.40219.1
Project("{FAE04EC0-301F-11D3-BF4B-00C04F79EFBC}") = "TodoRepository", "TodoRepository\TodoRepository.csproj", "{4F47DA81-6640-422A-A657-8EEC9D02BC40}"
EndProject
Project("{8BB2217D-0F2D-49D1-97BC-3654ED321F3B}") = "TodoWebApplication", "TodoWebApplication\TodoWebApplication.xproj", "{0B4BBE86-A09D-450D-B29C-7C27FB624010}"
EndProject
Global
	GlobalSection(SolutionConfigurationPlatforms) = preSolution
		Debug|Any CPU = Debug|Any CPU
		Release|Any CPU = Release|Any CPU
	EndGlobalSection
	GlobalSection(ProjectConfigurationPlatforms) = postSolution
		{4F47DA81-6640-422A-A657-8EEC9D02BC40}.Debug|Any CPU.ActiveCfg = Debug|Any CPU
		{4F47DA81-6640-422A-A657-8EEC9D02BC40}.Debug|Any CPU.Build.0 = Debug|Any CPU
		{4F47DA81-6640-422A-A657-8EEC9D02BC40}.Release|Any CPU.ActiveCfg = Release|Any CPU
		{4F47DA81-6640-422A-A657-8EEC9D02BC40}.Release|Any CPU.Build.0 = Release|Any CPU
		{0B4BBE86-A09D-450D-B29C-7C27FB624010}.Debug|Any CPU.ActiveCfg = Debug|Any CPU
		{0B4BBE86-A09D-450D-B29C-7C27FB624010}.Debug|Any CPU.Build.0 = Debug|Any CPU
		{0B4BBE86-A09D-450D-B29C-7C27FB624010}.Release|Any CPU.ActiveCfg = Release|Any CPU
		{0B4BBE86-A09D-450D-B29C-7C27FB624010}.Release|Any CPU.Build.0 = Release|Any CPU
	EndGlobalSection
	GlobalSection(SolutionProperties) = preSolution
		HideSolutionNode = FALSE
	EndGlobalSection
EndGlobal
